// !$*UTF8*$!
{
	archiveVersion = 1;
	classes = {
	};
	objectVersion = 56;
	objects = {

/* Begin PBXBuildFile section */
		6B485F692B38D7510039FA5D /* transactionDetailView.swift in Sources */ = {isa = PBXBuildFile; fileRef = 6B485F682B38D7510039FA5D /* transactionDetailView.swift */; };
		6B5FEF762B4343BB0044FFD0 /* listView.swift in Sources */ = {isa = PBXBuildFile; fileRef = 6B5FEF752B4343BB0044FFD0 /* listView.swift */; };
		6B9C37B62B1FD9BE00AB558C /* budgetBrainApp.swift in Sources */ = {isa = PBXBuildFile; fileRef = 6B9C37B52B1FD9BE00AB558C /* budgetBrainApp.swift */; };
		6B9C37B82B1FD9BE00AB558C /* ContentView.swift in Sources */ = {isa = PBXBuildFile; fileRef = 6B9C37B72B1FD9BE00AB558C /* ContentView.swift */; };
		6B9C37BA2B1FD9BF00AB558C /* Assets.xcassets in Resources */ = {isa = PBXBuildFile; fileRef = 6B9C37B92B1FD9BF00AB558C /* Assets.xcassets */; };
		6B9C37BD2B1FD9BF00AB558C /* Preview Assets.xcassets in Resources */ = {isa = PBXBuildFile; fileRef = 6B9C37BC2B1FD9BF00AB558C /* Preview Assets.xcassets */; };
		6B9C37C42B1FDB3800AB558C /* addIncomeView.swift in Sources */ = {isa = PBXBuildFile; fileRef = 6B9C37C32B1FDB3800AB558C /* addIncomeView.swift */; };
		6B9C37C62B1FDB5300AB558C /* addBucketView.swift in Sources */ = {isa = PBXBuildFile; fileRef = 6B9C37C52B1FDB5300AB558C /* addBucketView.swift */; };
		6B9C37C82B1FDB6B00AB558C /* Bucket.swift in Sources */ = {isa = PBXBuildFile; fileRef = 6B9C37C72B1FDB6B00AB558C /* Bucket.swift */; };
		6BAFF00C2B49BBDD0088480E /* sortedIncomeList.swift in Sources */ = {isa = PBXBuildFile; fileRef = 6BAFF00B2B49BBDD0088480E /* sortedIncomeList.swift */; };
		6BAFF00E2B49BC0B0088480E /* Income.swift in Sources */ = {isa = PBXBuildFile; fileRef = 6BAFF00D2B49BC0B0088480E /* Income.swift */; };
		6BB555752B3660ED0017F4A7 /* sortedTransactionList.swift in Sources */ = {isa = PBXBuildFile; fileRef = 6BB555742B3660ED0017F4A7 /* sortedTransactionList.swift */; };
		6BB83B162B28B1B600006906 /* Transaction.swift in Sources */ = {isa = PBXBuildFile; fileRef = 6BB83B152B28B1B600006906 /* Transaction.swift */; };
		6BCFD61E2B3BD2D400FE77C5 /* PreviewContainer.swift in Sources */ = {isa = PBXBuildFile; fileRef = 6BCFD61D2B3BD2D400FE77C5 /* PreviewContainer.swift */; };
		6BD897842B4BBF7B00B79F6F /* incomeView.swift in Sources */ = {isa = PBXBuildFile; fileRef = 6BD897832B4BBF7B00B79F6F /* incomeView.swift */; };
		6BD897862B4BC20700B79F6F /* MainView.swift in Sources */ = {isa = PBXBuildFile; fileRef = 6BD897852B4BC20700B79F6F /* MainView.swift */; };
		6BD897882B4BDC3100B79F6F /* incomeDetailView.swift in Sources */ = {isa = PBXBuildFile; fileRef = 6BD897872B4BDC3100B79F6F /* incomeDetailView.swift */; };
		6BDC3FBD2B4F143D00FE13EE /* addTransactionView.swift in Sources */ = {isa = PBXBuildFile; fileRef = 6BDC3FBC2B4F143D00FE13EE /* addTransactionView.swift */; };
		6BE0AB272B3555AE0054A5B4 /* bucketDetailView.swift in Sources */ = {isa = PBXBuildFile; fileRef = 6BE0AB262B3555AE0054A5B4 /* bucketDetailView.swift */; };
/* End PBXBuildFile section */

/* Begin PBXFileReference section */
		6B485F682B38D7510039FA5D /* transactionDetailView.swift */ = {isa = PBXFileReference; lastKnownFileType = sourcecode.swift; path = transactionDetailView.swift; sourceTree = "<group>"; };
		6B5FEF752B4343BB0044FFD0 /* listView.swift */ = {isa = PBXFileReference; lastKnownFileType = sourcecode.swift; path = listView.swift; sourceTree = "<group>"; };
		6B9C37B22B1FD9BE00AB558C /* budgetBrain.app */ = {isa = PBXFileReference; explicitFileType = wrapper.application; includeInIndex = 0; path = budgetBrain.app; sourceTree = BUILT_PRODUCTS_DIR; };
		6B9C37B52B1FD9BE00AB558C /* budgetBrainApp.swift */ = {isa = PBXFileReference; lastKnownFileType = sourcecode.swift; path = budgetBrainApp.swift; sourceTree = "<group>"; };
		6B9C37B72B1FD9BE00AB558C /* ContentView.swift */ = {isa = PBXFileReference; lastKnownFileType = sourcecode.swift; path = ContentView.swift; sourceTree = "<group>"; };
		6B9C37B92B1FD9BF00AB558C /* Assets.xcassets */ = {isa = PBXFileReference; lastKnownFileType = folder.assetcatalog; path = Assets.xcassets; sourceTree = "<group>"; };
		6B9C37BC2B1FD9BF00AB558C /* Preview Assets.xcassets */ = {isa = PBXFileReference; lastKnownFileType = folder.assetcatalog; path = "Preview Assets.xcassets"; sourceTree = "<group>"; };
		6B9C37C32B1FDB3800AB558C /* addIncomeView.swift */ = {isa = PBXFileReference; lastKnownFileType = sourcecode.swift; path = addIncomeView.swift; sourceTree = "<group>"; };
		6B9C37C52B1FDB5300AB558C /* addBucketView.swift */ = {isa = PBXFileReference; lastKnownFileType = sourcecode.swift; path = addBucketView.swift; sourceTree = "<group>"; };
		6B9C37C72B1FDB6B00AB558C /* Bucket.swift */ = {isa = PBXFileReference; lastKnownFileType = sourcecode.swift; path = Bucket.swift; sourceTree = "<group>"; };
		6BAFF00B2B49BBDD0088480E /* sortedIncomeList.swift */ = {isa = PBXFileReference; lastKnownFileType = sourcecode.swift; path = sortedIncomeList.swift; sourceTree = "<group>"; };
		6BAFF00D2B49BC0B0088480E /* Income.swift */ = {isa = PBXFileReference; lastKnownFileType = sourcecode.swift; path = Income.swift; sourceTree = "<group>"; };
		6BB555742B3660ED0017F4A7 /* sortedTransactionList.swift */ = {isa = PBXFileReference; lastKnownFileType = sourcecode.swift; path = sortedTransactionList.swift; sourceTree = "<group>"; };
		6BB83B152B28B1B600006906 /* Transaction.swift */ = {isa = PBXFileReference; lastKnownFileType = sourcecode.swift; path = Transaction.swift; sourceTree = "<group>"; };
		6BCFD61D2B3BD2D400FE77C5 /* PreviewContainer.swift */ = {isa = PBXFileReference; lastKnownFileType = sourcecode.swift; path = PreviewContainer.swift; sourceTree = "<group>"; };
		6BD77DD12B3CF65600EBFB12 /* ChangeLog.md */ = {isa = PBXFileReference; lastKnownFileType = net.daringfireball.markdown; path = ChangeLog.md; sourceTree = "<group>"; };
		6BD897832B4BBF7B00B79F6F /* incomeView.swift */ = {isa = PBXFileReference; lastKnownFileType = sourcecode.swift; path = incomeView.swift; sourceTree = "<group>"; };
		6BD897852B4BC20700B79F6F /* MainView.swift */ = {isa = PBXFileReference; lastKnownFileType = sourcecode.swift; path = MainView.swift; sourceTree = "<group>"; };
		6BD897872B4BDC3100B79F6F /* incomeDetailView.swift */ = {isa = PBXFileReference; lastKnownFileType = sourcecode.swift; path = incomeDetailView.swift; sourceTree = "<group>"; };
		6BDC3FBC2B4F143D00FE13EE /* addTransactionView.swift */ = {isa = PBXFileReference; lastKnownFileType = sourcecode.swift; path = addTransactionView.swift; sourceTree = "<group>"; };
		6BE0AB262B3555AE0054A5B4 /* bucketDetailView.swift */ = {isa = PBXFileReference; lastKnownFileType = sourcecode.swift; path = bucketDetailView.swift; sourceTree = "<group>"; };
/* End PBXFileReference section */

/* Begin PBXFrameworksBuildPhase section */
		6B9C37AF2B1FD9BE00AB558C /* Frameworks */ = {
			isa = PBXFrameworksBuildPhase;
			buildActionMask = 2147483647;
			files = (
			);
			runOnlyForDeploymentPostprocessing = 0;
		};
/* End PBXFrameworksBuildPhase section */

/* Begin PBXGroup section */
		6B9C37A92B1FD9BE00AB558C = {
			isa = PBXGroup;
			children = (
				6B9C37B42B1FD9BE00AB558C /* budgetBrain */,
				6B9C37B32B1FD9BE00AB558C /* Products */,
			);
			sourceTree = "<group>";
		};
		6B9C37B32B1FD9BE00AB558C /* Products */ = {
			isa = PBXGroup;
			children = (
				6B9C37B22B1FD9BE00AB558C /* budgetBrain.app */,
			);
			name = Products;
			sourceTree = "<group>";
		};
		6B9C37B42B1FD9BE00AB558C /* budgetBrain */ = {
			isa = PBXGroup;
			children = (
				6BD77DD12B3CF65600EBFB12 /* ChangeLog.md */,
				6B9C37B52B1FD9BE00AB558C /* budgetBrainApp.swift */,
				6BD897852B4BC20700B79F6F /* MainView.swift */,
				6B9C37B72B1FD9BE00AB558C /* ContentView.swift */,
				6B5FEF752B4343BB0044FFD0 /* listView.swift */,
				6BE0AB262B3555AE0054A5B4 /* bucketDetailView.swift */,
				6B9C37C52B1FDB5300AB558C /* addBucketView.swift */,
				6BDC3FBC2B4F143D00FE13EE /* addTransactionView.swift */,
				6B9C37C32B1FDB3800AB558C /* addIncomeView.swift */,
				6BAFF00B2B49BBDD0088480E /* sortedIncomeList.swift */,
				6BD897872B4BDC3100B79F6F /* incomeDetailView.swift */,
				6BD897832B4BBF7B00B79F6F /* incomeView.swift */,
				6B485F682B38D7510039FA5D /* transactionDetailView.swift */,
				6BB555742B3660ED0017F4A7 /* sortedTransactionList.swift */,
				6BF36B042B36878500A10845 /* SwiftData Models */,
				6B9C37B92B1FD9BF00AB558C /* Assets.xcassets */,
				6B9C37BB2B1FD9BF00AB558C /* Preview Content */,
			);
			path = budgetBrain;
			sourceTree = "<group>";
		};
		6B9C37BB2B1FD9BF00AB558C /* Preview Content */ = {
			isa = PBXGroup;
			children = (
				6BCFD61D2B3BD2D400FE77C5 /* PreviewContainer.swift */,
				6B9C37BC2B1FD9BF00AB558C /* Preview Assets.xcassets */,
			);
			path = "Preview Content";
			sourceTree = "<group>";
		};
		6BF36B042B36878500A10845 /* SwiftData Models */ = {
			isa = PBXGroup;
			children = (
				6B9C37C72B1FDB6B00AB558C /* Bucket.swift */,
				6BB83B152B28B1B600006906 /* Transaction.swift */,
				6BAFF00D2B49BC0B0088480E /* Income.swift */,
			);
			path = "SwiftData Models";
			sourceTree = "<group>";
		};
/* End PBXGroup section */

/* Begin PBXNativeTarget section */
		6B9C37B12B1FD9BE00AB558C /* budgetBrain */ = {
			isa = PBXNativeTarget;
			buildConfigurationList = 6B9C37C02B1FD9BF00AB558C /* Build configuration list for PBXNativeTarget "budgetBrain" */;
			buildPhases = (
				6B9C37AE2B1FD9BE00AB558C /* Sources */,
				6B9C37AF2B1FD9BE00AB558C /* Frameworks */,
				6B9C37B02B1FD9BE00AB558C /* Resources */,
			);
			buildRules = (
			);
			dependencies = (
			);
			name = budgetBrain;
			productName = budgetBrain;
			productReference = 6B9C37B22B1FD9BE00AB558C /* budgetBrain.app */;
			productType = "com.apple.product-type.application";
		};
/* End PBXNativeTarget section */

/* Begin PBXProject section */
		6B9C37AA2B1FD9BE00AB558C /* Project object */ = {
			isa = PBXProject;
			attributes = {
				BuildIndependentTargetsInParallel = 1;
				LastSwiftUpdateCheck = 1500;
				LastUpgradeCheck = 1500;
				TargetAttributes = {
					6B9C37B12B1FD9BE00AB558C = {
						CreatedOnToolsVersion = 15.0.1;
					};
				};
			};
			buildConfigurationList = 6B9C37AD2B1FD9BE00AB558C /* Build configuration list for PBXProject "budgetBrain" */;
			compatibilityVersion = "Xcode 14.0";
			developmentRegion = en;
			hasScannedForEncodings = 0;
			knownRegions = (
				en,
				Base,
			);
			mainGroup = 6B9C37A92B1FD9BE00AB558C;
			productRefGroup = 6B9C37B32B1FD9BE00AB558C /* Products */;
			projectDirPath = "";
			projectRoot = "";
			targets = (
				6B9C37B12B1FD9BE00AB558C /* budgetBrain */,
			);
		};
/* End PBXProject section */

/* Begin PBXResourcesBuildPhase section */
		6B9C37B02B1FD9BE00AB558C /* Resources */ = {
			isa = PBXResourcesBuildPhase;
			buildActionMask = 2147483647;
			files = (
				6B9C37BD2B1FD9BF00AB558C /* Preview Assets.xcassets in Resources */,
				6B9C37BA2B1FD9BF00AB558C /* Assets.xcassets in Resources */,
			);
			runOnlyForDeploymentPostprocessing = 0;
		};
/* End PBXResourcesBuildPhase section */

/* Begin PBXSourcesBuildPhase section */
		6B9C37AE2B1FD9BE00AB558C /* Sources */ = {
			isa = PBXSourcesBuildPhase;
			buildActionMask = 2147483647;
			files = (
				6BDC3FBD2B4F143D00FE13EE /* addTransactionView.swift in Sources */,
				6B9C37C62B1FDB5300AB558C /* addBucketView.swift in Sources */,
				6BAFF00E2B49BC0B0088480E /* Income.swift in Sources */,
				6B5FEF762B4343BB0044FFD0 /* listView.swift in Sources */,
				6BD897842B4BBF7B00B79F6F /* incomeView.swift in Sources */,
				6B9C37B82B1FD9BE00AB558C /* ContentView.swift in Sources */,
				6BB555752B3660ED0017F4A7 /* sortedTransactionList.swift in Sources */,
				6BB83B162B28B1B600006906 /* Transaction.swift in Sources */,
				6BAFF00C2B49BBDD0088480E /* sortedIncomeList.swift in Sources */,
				6BCFD61E2B3BD2D400FE77C5 /* PreviewContainer.swift in Sources */,
				6BE0AB272B3555AE0054A5B4 /* bucketDetailView.swift in Sources */,
				6B9C37C42B1FDB3800AB558C /* addIncomeView.swift in Sources */,
				6B485F692B38D7510039FA5D /* transactionDetailView.swift in Sources */,
				6BD897862B4BC20700B79F6F /* MainView.swift in Sources */,
				6B9C37C82B1FDB6B00AB558C /* Bucket.swift in Sources */,
				6BD897882B4BDC3100B79F6F /* incomeDetailView.swift in Sources */,
				6B9C37B62B1FD9BE00AB558C /* budgetBrainApp.swift in Sources */,
			);
			runOnlyForDeploymentPostprocessing = 0;
		};
/* End PBXSourcesBuildPhase section */

/* Begin XCBuildConfiguration section */
		6B9C37BE2B1FD9BF00AB558C /* Debug */ = {
			isa = XCBuildConfiguration;
			buildSettings = {
				ALWAYS_SEARCH_USER_PATHS = NO;
				ASSETCATALOG_COMPILER_GENERATE_SWIFT_ASSET_SYMBOL_EXTENSIONS = YES;
				CLANG_ANALYZER_NONNULL = YES;
				CLANG_ANALYZER_NUMBER_OBJECT_CONVERSION = YES_AGGRESSIVE;
				CLANG_CXX_LANGUAGE_STANDARD = "gnu++20";
				CLANG_ENABLE_MODULES = YES;
				CLANG_ENABLE_OBJC_ARC = YES;
				CLANG_ENABLE_OBJC_WEAK = YES;
				CLANG_WARN_BLOCK_CAPTURE_AUTORELEASING = YES;
				CLANG_WARN_BOOL_CONVERSION = YES;
				CLANG_WARN_COMMA = YES;
				CLANG_WARN_CONSTANT_CONVERSION = YES;
				CLANG_WARN_DEPRECATED_OBJC_IMPLEMENTATIONS = YES;
				CLANG_WARN_DIRECT_OBJC_ISA_USAGE = YES_ERROR;
				CLANG_WARN_DOCUMENTATION_COMMENTS = YES;
				CLANG_WARN_EMPTY_BODY = YES;
				CLANG_WARN_ENUM_CONVERSION = YES;
				CLANG_WARN_INFINITE_RECURSION = YES;
				CLANG_WARN_INT_CONVERSION = YES;
				CLANG_WARN_NON_LITERAL_NULL_CONVERSION = YES;
				CLANG_WARN_OBJC_IMPLICIT_RETAIN_SELF = YES;
				CLANG_WARN_OBJC_LITERAL_CONVERSION = YES;
				CLANG_WARN_OBJC_ROOT_CLASS = YES_ERROR;
				CLANG_WARN_QUOTED_INCLUDE_IN_FRAMEWORK_HEADER = YES;
				CLANG_WARN_RANGE_LOOP_ANALYSIS = YES;
				CLANG_WARN_STRICT_PROTOTYPES = YES;
				CLANG_WARN_SUSPICIOUS_MOVE = YES;
				CLANG_WARN_UNGUARDED_AVAILABILITY = YES_AGGRESSIVE;
				CLANG_WARN_UNREACHABLE_CODE = YES;
				CLANG_WARN__DUPLICATE_METHOD_MATCH = YES;
				COPY_PHASE_STRIP = NO;
				DEBUG_INFORMATION_FORMAT = dwarf;
				ENABLE_STRICT_OBJC_MSGSEND = YES;
				ENABLE_TESTABILITY = YES;
				ENABLE_USER_SCRIPT_SANDBOXING = YES;
				GCC_C_LANGUAGE_STANDARD = gnu17;
				GCC_DYNAMIC_NO_PIC = NO;
				GCC_NO_COMMON_BLOCKS = YES;
				GCC_OPTIMIZATION_LEVEL = 0;
				GCC_PREPROCESSOR_DEFINITIONS = (
					"DEBUG=1",
					"$(inherited)",
				);
				GCC_WARN_64_TO_32_BIT_CONVERSION = YES;
				GCC_WARN_ABOUT_RETURN_TYPE = YES_ERROR;
				GCC_WARN_UNDECLARED_SELECTOR = YES;
				GCC_WARN_UNINITIALIZED_AUTOS = YES_AGGRESSIVE;
				GCC_WARN_UNUSED_FUNCTION = YES;
				GCC_WARN_UNUSED_VARIABLE = YES;
				IPHONEOS_DEPLOYMENT_TARGET = 17.0;
				LOCALIZATION_PREFERS_STRING_CATALOGS = YES;
				MTL_ENABLE_DEBUG_INFO = INCLUDE_SOURCE;
				MTL_FAST_MATH = YES;
				ONLY_ACTIVE_ARCH = YES;
				SDKROOT = iphoneos;
				SWIFT_ACTIVE_COMPILATION_CONDITIONS = "DEBUG $(inherited)";
				SWIFT_OPTIMIZATION_LEVEL = "-Onone";
			};
			name = Debug;
		};
		6B9C37BF2B1FD9BF00AB558C /* Release */ = {
			isa = XCBuildConfiguration;
			buildSettings = {
				ALWAYS_SEARCH_USER_PATHS = NO;
				ASSETCATALOG_COMPILER_GENERATE_SWIFT_ASSET_SYMBOL_EXTENSIONS = YES;
				CLANG_ANALYZER_NONNULL = YES;
				CLANG_ANALYZER_NUMBER_OBJECT_CONVERSION = YES_AGGRESSIVE;
				CLANG_CXX_LANGUAGE_STANDARD = "gnu++20";
				CLANG_ENABLE_MODULES = YES;
				CLANG_ENABLE_OBJC_ARC = YES;
				CLANG_ENABLE_OBJC_WEAK = YES;
				CLANG_WARN_BLOCK_CAPTURE_AUTORELEASING = YES;
				CLANG_WARN_BOOL_CONVERSION = YES;
				CLANG_WARN_COMMA = YES;
				CLANG_WARN_CONSTANT_CONVERSION = YES;
				CLANG_WARN_DEPRECATED_OBJC_IMPLEMENTATIONS = YES;
				CLANG_WARN_DIRECT_OBJC_ISA_USAGE = YES_ERROR;
				CLANG_WARN_DOCUMENTATION_COMMENTS = YES;
				CLANG_WARN_EMPTY_BODY = YES;
				CLANG_WARN_ENUM_CONVERSION = YES;
				CLANG_WARN_INFINITE_RECURSION = YES;
				CLANG_WARN_INT_CONVERSION = YES;
				CLANG_WARN_NON_LITERAL_NULL_CONVERSION = YES;
				CLANG_WARN_OBJC_IMPLICIT_RETAIN_SELF = YES;
				CLANG_WARN_OBJC_LITERAL_CONVERSION = YES;
				CLANG_WARN_OBJC_ROOT_CLASS = YES_ERROR;
				CLANG_WARN_QUOTED_INCLUDE_IN_FRAMEWORK_HEADER = YES;
				CLANG_WARN_RANGE_LOOP_ANALYSIS = YES;
				CLANG_WARN_STRICT_PROTOTYPES = YES;
				CLANG_WARN_SUSPICIOUS_MOVE = YES;
				CLANG_WARN_UNGUARDED_AVAILABILITY = YES_AGGRESSIVE;
				CLANG_WARN_UNREACHABLE_CODE = YES;
				CLANG_WARN__DUPLICATE_METHOD_MATCH = YES;
				COPY_PHASE_STRIP = NO;
				DEBUG_INFORMATION_FORMAT = "dwarf-with-dsym";
				ENABLE_NS_ASSERTIONS = NO;
				ENABLE_STRICT_OBJC_MSGSEND = YES;
				ENABLE_USER_SCRIPT_SANDBOXING = YES;
				GCC_C_LANGUAGE_STANDARD = gnu17;
				GCC_NO_COMMON_BLOCKS = YES;
				GCC_WARN_64_TO_32_BIT_CONVERSION = YES;
				GCC_WARN_ABOUT_RETURN_TYPE = YES_ERROR;
				GCC_WARN_UNDECLARED_SELECTOR = YES;
				GCC_WARN_UNINITIALIZED_AUTOS = YES_AGGRESSIVE;
				GCC_WARN_UNUSED_FUNCTION = YES;
				GCC_WARN_UNUSED_VARIABLE = YES;
				IPHONEOS_DEPLOYMENT_TARGET = 17.0;
				LOCALIZATION_PREFERS_STRING_CATALOGS = YES;
				MTL_ENABLE_DEBUG_INFO = NO;
				MTL_FAST_MATH = YES;
				SDKROOT = iphoneos;
				SWIFT_COMPILATION_MODE = wholemodule;
				VALIDATE_PRODUCT = YES;
			};
			name = Release;
		};
		6B9C37C12B1FD9BF00AB558C /* Debug */ = {
			isa = XCBuildConfiguration;
			buildSettings = {
				ASSETCATALOG_COMPILER_APPICON_NAME = AppIcon;
				ASSETCATALOG_COMPILER_GLOBAL_ACCENT_COLOR_NAME = AccentColor;
				CODE_SIGN_IDENTITY = "Apple Development";
				CODE_SIGN_STYLE = Automatic;
				CURRENT_PROJECT_VERSION = 1;
				DEVELOPMENT_ASSET_PATHS = "\"budgetBrain/Preview Content\"";
				DEVELOPMENT_TEAM = L65QKDD477;
				ENABLE_PREVIEWS = YES;
				GENERATE_INFOPLIST_FILE = YES;
				INFOPLIST_KEY_UIApplicationSceneManifest_Generation = YES;
				INFOPLIST_KEY_UIApplicationSupportsIndirectInputEvents = YES;
				INFOPLIST_KEY_UILaunchScreen_Generation = YES;
				INFOPLIST_KEY_UISupportedInterfaceOrientations_iPad = "UIInterfaceOrientationPortrait UIInterfaceOrientationPortraitUpsideDown UIInterfaceOrientationLandscapeLeft UIInterfaceOrientationLandscapeRight";
				INFOPLIST_KEY_UISupportedInterfaceOrientations_iPhone = "UIInterfaceOrientationPortrait UIInterfaceOrientationLandscapeLeft UIInterfaceOrientationLandscapeRight";
				LD_RUNPATH_SEARCH_PATHS = (
					"$(inherited)",
					"@executable_path/Frameworks",
				);
				MARKETING_VERSION = 1.0;
				PRODUCT_BUNDLE_IDENTIFIER = com.isaacd2.pleasework;
				PRODUCT_NAME = "$(TARGET_NAME)";
				PROVISIONING_PROFILE_SPECIFIER = "";
				SWIFT_EMIT_LOC_STRINGS = YES;
				SWIFT_VERSION = 5.0;
				TARGETED_DEVICE_FAMILY = "1,2";
			};
			name = Debug;
		};
		6B9C37C22B1FD9BF00AB558C /* Release */ = {
			isa = XCBuildConfiguration;
			buildSettings = {
				ASSETCATALOG_COMPILER_APPICON_NAME = AppIcon;
				ASSETCATALOG_COMPILER_GLOBAL_ACCENT_COLOR_NAME = AccentColor;
				CODE_SIGN_IDENTITY = "Apple Development";
				CODE_SIGN_STYLE = Automatic;
				CURRENT_PROJECT_VERSION = 1;
				DEVELOPMENT_ASSET_PATHS = "\"budgetBrain/Preview Content\"";
				DEVELOPMENT_TEAM = L65QKDD477;
				ENABLE_PREVIEWS = YES;
				GENERATE_INFOPLIST_FILE = YES;
				INFOPLIST_KEY_UIApplicationSceneManifest_Generation = YES;
				INFOPLIST_KEY_UIApplicationSupportsIndirectInputEvents = YES;
				INFOPLIST_KEY_UILaunchScreen_Generation = YES;
				INFOPLIST_KEY_UISupportedInterfaceOrientations_iPad = "UIInterfaceOrientationPortrait UIInterfaceOrientationPortraitUpsideDown UIInterfaceOrientationLandscapeLeft UIInterfaceOrientationLandscapeRight";
				INFOPLIST_KEY_UISupportedInterfaceOrientations_iPhone = "UIInterfaceOrientationPortrait UIInterfaceOrientationLandscapeLeft UIInterfaceOrientationLandscapeRight";
				LD_RUNPATH_SEARCH_PATHS = (
					"$(inherited)",
					"@executable_path/Frameworks",
				);
				MARKETING_VERSION = 1.0;
				PRODUCT_BUNDLE_IDENTIFIER = com.isaacd2.pleasework;
				PRODUCT_NAME = "$(TARGET_NAME)";
				PROVISIONING_PROFILE_SPECIFIER = "";
				SWIFT_EMIT_LOC_STRINGS = YES;
				SWIFT_VERSION = 5.0;
				TARGETED_DEVICE_FAMILY = "1,2";
			};
			name = Release;
		};
/* End XCBuildConfiguration section */

/* Begin XCConfigurationList section */
		6B9C37AD2B1FD9BE00AB558C /* Build configuration list for PBXProject "budgetBrain" */ = {
			isa = XCConfigurationList;
			buildConfigurations = (
				6B9C37BE2B1FD9BF00AB558C /* Debug */,
				6B9C37BF2B1FD9BF00AB558C /* Release */,
			);
			defaultConfigurationIsVisible = 0;
			defaultConfigurationName = Release;
		};
		6B9C37C02B1FD9BF00AB558C /* Build configuration list for PBXNativeTarget "budgetBrain" */ = {
			isa = XCConfigurationList;
			buildConfigurations = (
				6B9C37C12B1FD9BF00AB558C /* Debug */,
				6B9C37C22B1FD9BF00AB558C /* Release */,
			);
			defaultConfigurationIsVisible = 0;
			defaultConfigurationName = Release;
		};
/* End XCConfigurationList section */
	};
	rootObject = 6B9C37AA2B1FD9BE00AB558C /* Project object */;
}
